
Microsoft Visual Studio Solution File, Format Version 11.00
# Visual Studio 2010
Project("{8BC9CEB8-8B4A-11D0-8D11-00A0C91BC942}") = "winman", "winman\winman.vcxproj", "{2B3CE5DC-6AB4-4456-AAF1-C004C1C1CB8E}"
EndProject
Global
	GlobalSection(SolutionConfigurationPlatforms) = preSolution
		Debug|Win32 = Debug|Win32
		Release|Win32 = Release|Win32
	EndGlobalSection
	GlobalSection(ProjectConfigurationPlatforms) = postSolution
		{2B3CE5DC-6AB4-4456-AAF1-C004C1C1CB8E}.Debug|Win32.ActiveCfg = Debug|Win32
		{2B3CE5DC-6AB4-4456-AAF1-C004C1C1CB8E}.Debug|Win32.Build.0 = Debug|Win32
		{2B3CE5DC-6AB4-4456-AAF1-C004C1C1CB8E}.Release|Win32.ActiveCfg = Release|Win32
		{2B3CE5DC-6AB4-4456-AAF1-C004C1C1CB8E}.Release|Win32.Build.0 = Release|Win32
	EndGlobalSection
	GlobalSection(SolutionProperties) = preSolution
		HideSolutionNode = FALSE
	EndGlobalSection
EndGlobal
